
Microsoft Visual Studio Solution File, Format Version 12.00
# Visual Studio Version 17
VisualStudioVersion = 17.3.32901.215
MinimumVisualStudioVersion = 10.0.40219.1
Project("{FAE04EC0-301F-11D3-BF4B-00C04F79EFBC}") = "Pr5.Dop.4", "Pr5.Dop.4\Pr5.Dop.4.csproj", "{B67D1C38-BD25-4EA9-92BD-464DF27F14CA}"
EndProject
Global
	GlobalSection(SolutionConfigurationPlatforms) = preSolution
		Debug|Any CPU = Debug|Any CPU
		Release|Any CPU = Release|Any CPU
	EndGlobalSection
	GlobalSection(ProjectConfigurationPlatforms) = postSolution
		{B67D1C38-BD25-4EA9-92BD-464DF27F14CA}.Debug|Any CPU.ActiveCfg = Debug|Any CPU
		{B67D1C38-BD25-4EA9-92BD-464DF27F14CA}.Debug|Any CPU.Build.0 = Debug|Any CPU
		{B67D1C38-BD25-4EA9-92BD-464DF27F14CA}.Release|Any CPU.ActiveCfg = Release|Any CPU
		{B67D1C38-BD25-4EA9-92BD-464DF27F14CA}.Release|Any CPU.Build.0 = Release|Any CPU
	EndGlobalSection
	GlobalSection(SolutionProperties) = preSolution
		HideSolutionNode = FALSE
	EndGlobalSection
	GlobalSection(ExtensibilityGlobals) = postSolution
		SolutionGuid = {CF4B3D82-50EC-4AFF-936B-A0F15BA8D030}
	EndGlobalSection
EndGlobal
